<?xml version="1.0" encoding="UTF-8"?>
<Scheme
   version = "1.3">
   <BuildAction>
      <BuildActionEntries>
         <BuildActionEntry
            buildForRunning = "YES">
            <BuildableReference
               BuildableIdentifier = "primary"
               BlueprintIdentifier = "982C93C2232532FF00397242"
               BuildableName = "AnimationExperiment.app"
               BlueprintName = "AnimationExperiment"
               ReferencedContainer = "container:AnimationExperiment.xcodeproj">
            </BuildableReference>
         </BuildActionEntry>
      </BuildActionEntries>
   </BuildAction>
   <LaunchAction
      useCustomWorkingDirectory = "NO"
      buildConfiguration = "Debug"
      allowLocationSimulation = "YES">
      <BuildableProductRunnable>
         <BuildableReference
            BuildableIdentifier = "primary"
            BlueprintIdentifier = "982C93C2232532FF00397242"
            BuildableName = "AnimationExperiment.app"
            BlueprintName = "AnimationExperiment"
            ReferencedContainer = "container:AnimationExperiment.xcodeproj">
         </BuildableReference>
      </BuildableProductRunnable>
   </LaunchAction>
</Scheme>
